
Microsoft Visual Studio Solution File, Format Version 12.00
# Visual Studio Version 17
VisualStudioVersion = 17.11.35222.181
MinimumVisualStudioVersion = 10.0.40219.1
Project("{8BC9CEB8-8B4A-11D0-8D11-00A0C91BC942}") = "GGS_Stream", "GGS_Stream.vcxproj", "{3A6C43C7-35C3-4ADE-8590-E5A3465DEFCD}"
EndProject
Global
	GlobalSection(SolutionConfigurationPlatforms) = preSolution
		Debug|x64 = Debug|x64
		Release|x64 = Release|x64
	EndGlobalSection
	GlobalSection(ProjectConfigurationPlatforms) = postSolution
		{3A6C43C7-35C3-4ADE-8590-E5A3465DEFCD}.Debug|x64.ActiveCfg = Debug|x64
		{3A6C43C7-35C3-4ADE-8590-E5A3465DEFCD}.Debug|x64.Build.0 = Debug|x64
		{3A6C43C7-35C3-4ADE-8590-E5A3465DEFCD}.Release|x64.ActiveCfg = Release|x64
		{3A6C43C7-35C3-4ADE-8590-E5A3465DEFCD}.Release|x64.Build.0 = Release|x64
	EndGlobalSection
	GlobalSection(SolutionProperties) = preSolution
		HideSolutionNode = FALSE
	EndGlobalSection
	GlobalSection(ExtensibilityGlobals) = postSolution
		SolutionGuid = {43C706BB-7FF6-4A45-B300-6831589EE269}
	EndGlobalSection
EndGlobal
